
Microsoft Visual Studio Solution File, Format Version 12.00
# Visual Studio Version 17
VisualStudioVersion = 17.8.34511.84
MinimumVisualStudioVersion = 10.0.40219.1
Project("{9A19103F-16F7-4668-BE54-9A1E7A4F7556}") = "ModsenPractice", "ModsenPractice.csproj", "{81383359-F083-4D97-8273-F4089BEB50C9}"
EndProject
Project("{2150E333-8FDC-42A3-9474-1A3956D46DE8}") = "Элементы решения", "Элементы решения", "{9AC5001D-FE36-46E3-9F37-E3B58E880596}"
EndProject
Global
	GlobalSection(SolutionConfigurationPlatforms) = preSolution
		Debug|Any CPU = Debug|Any CPU
		Release|Any CPU = Release|Any CPU
	EndGlobalSection
	GlobalSection(ProjectConfigurationPlatforms) = postSolution
		{81383359-F083-4D97-8273-F4089BEB50C9}.Debug|Any CPU.ActiveCfg = Debug|Any CPU
		{81383359-F083-4D97-8273-F4089BEB50C9}.Debug|Any CPU.Build.0 = Debug|Any CPU
		{81383359-F083-4D97-8273-F4089BEB50C9}.Release|Any CPU.ActiveCfg = Release|Any CPU
		{81383359-F083-4D97-8273-F4089BEB50C9}.Release|Any CPU.Build.0 = Release|Any CPU
	EndGlobalSection
	GlobalSection(SolutionProperties) = preSolution
		HideSolutionNode = FALSE
	EndGlobalSection
	GlobalSection(ExtensibilityGlobals) = postSolution
		SolutionGuid = {5B69490E-1B4B-4153-BBED-8528B35B82CC}
	EndGlobalSection
EndGlobal
